
Microsoft Visual Studio Solution File, Format Version 12.00
# Visual Studio Version 17
VisualStudioVersion = 17.7.34024.191
MinimumVisualStudioVersion = 10.0.40219.1
Project("{FAE04EC0-301F-11D3-BF4B-00C04F79EFBC}") = "WSMS", "WSMS\WSMS.csproj", "{5662EF43-1ECF-40A3-85F6-B46196993B2D}"
EndProject
Global
	GlobalSection(SolutionConfigurationPlatforms) = preSolution
		Debug|Any CPU = Debug|Any CPU
		Release|Any CPU = Release|Any CPU
	EndGlobalSection
	GlobalSection(ProjectConfigurationPlatforms) = postSolution
		{5662EF43-1ECF-40A3-85F6-B46196993B2D}.Debug|Any CPU.ActiveCfg = Debug|Any CPU
		{5662EF43-1ECF-40A3-85F6-B46196993B2D}.Debug|Any CPU.Build.0 = Debug|Any CPU
		{5662EF43-1ECF-40A3-85F6-B46196993B2D}.Release|Any CPU.ActiveCfg = Release|Any CPU
		{5662EF43-1ECF-40A3-85F6-B46196993B2D}.Release|Any CPU.Build.0 = Release|Any CPU
	EndGlobalSection
	GlobalSection(SolutionProperties) = preSolution
		HideSolutionNode = FALSE
	EndGlobalSection
	GlobalSection(ExtensibilityGlobals) = postSolution
		SolutionGuid = {140BDADC-EABC-4FE0-8D47-E11B5763F4C7}
	EndGlobalSection
EndGlobal
